
Microsoft Visual Studio Solution File, Format Version 12.00
# Visual Studio Version 16
VisualStudioVersion = 16.0.30907.101
MinimumVisualStudioVersion = 10.0.40219.1
Project("{8BC9CEB8-8B4A-11D0-8D11-00A0C91BC942}") = "Pointers_Pr1", "Pointers_Pr1\Pointers_Pr1.vcxproj", "{57CF0407-1F30-4557-BEC0-8E37096E9768}"
EndProject
Project("{8BC9CEB8-8B4A-11D0-8D11-00A0C91BC942}") = "Pointers_Pr2", "Pointers_Pr2\Pointers_Pr2.vcxproj", "{DE72B91C-6804-4B44-A217-AA13318421F5}"
EndProject
Project("{8BC9CEB8-8B4A-11D0-8D11-00A0C91BC942}") = "Pointers_Pr3", "Pointers_Pr3\Pointers_Pr3.vcxproj", "{7A2C82C3-ACBB-4677-A2C4-23D383AA9666}"
EndProject
Project("{8BC9CEB8-8B4A-11D0-8D11-00A0C91BC942}") = "Pointers_Pr4", "Pointers_Pr4\Pointers_Pr4.vcxproj", "{AA726252-CB8B-4216-A4DF-44D79EE40B58}"
EndProject
Project("{8BC9CEB8-8B4A-11D0-8D11-00A0C91BC942}") = "Pointers_Pr5", "Pointers_Pr5\Pointers_Pr5.vcxproj", "{B86789C4-1EEB-4B99-9B40-1F08E3442287}"
EndProject
Project("{8BC9CEB8-8B4A-11D0-8D11-00A0C91BC942}") = "Pointers_Pr6", "Pointers_Pr6\Pointers_Pr6.vcxproj", "{F7B30A5D-B4C6-45C5-8A2C-F1123C2F61C6}"
EndProject
Project("{8BC9CEB8-8B4A-11D0-8D11-00A0C91BC942}") = "Pointers_Pr7", "Pointers_Pr7\Pointers_Pr7.vcxproj", "{07D492C6-4774-4453-A9A4-EFCBEEF3213A}"
EndProject
Project("{8BC9CEB8-8B4A-11D0-8D11-00A0C91BC942}") = "Pointers_Pr7.2", "Pointers_Pr7.2\Pointers_Pr7.2.vcxproj", "{6207FF85-78A4-4F75-B6BB-74EEEC1522F8}"
EndProject
Project("{8BC9CEB8-8B4A-11D0-8D11-00A0C91BC942}") = "Pointers_Pr8", "Pointers_Pr8\Pointers_Pr8.vcxproj", "{603420F7-788E-404D-B677-D3DE3E3DD0D3}"
EndProject
Project("{8BC9CEB8-8B4A-11D0-8D11-00A0C91BC942}") = "Pointers_Pr9", "Pointers_Pr9\Pointers_Pr9.vcxproj", "{9C7CC367-4380-4C6E-8D92-DC64C97DBF56}"
EndProject
Project("{8BC9CEB8-8B4A-11D0-8D11-00A0C91BC942}") = "Pointers_Pr10", "Pointers_Pr10\Pointers_Pr10.vcxproj", "{BA2CFED4-5E49-4FCB-93D8-A174CB1324E7}"
EndProject
Project("{8BC9CEB8-8B4A-11D0-8D11-00A0C91BC942}") = "Pointers_Pr11", "Pointers_Pr11\Pointers_Pr11.vcxproj", "{ED3E178B-5D0F-4162-9364-89068F8789EC}"
EndProject
Project("{8BC9CEB8-8B4A-11D0-8D11-00A0C91BC942}") = "Pointers_Pr12", "Pointers_Pr12\Pointers_Pr12.vcxproj", "{E0C09B7D-76E1-4E6D-AC65-EC1B84544398}"
EndProject
Project("{8BC9CEB8-8B4A-11D0-8D11-00A0C91BC942}") = "Pointers_Pr13", "Pointers_Pr13\Pointers_Pr13.vcxproj", "{F97AAFAB-6869-44DE-A0F3-1D38E68C6B38}"
EndProject
Project("{8BC9CEB8-8B4A-11D0-8D11-00A0C91BC942}") = "Pointers_Pr14", "Pointers_Pr14\Pointers_Pr14.vcxproj", "{A36E00AF-D689-423B-BD70-A90E90138AF5}"
EndProject
Project("{8BC9CEB8-8B4A-11D0-8D11-00A0C91BC942}") = "Pointers_Pr15", "Pointers_Pr15\Pointers_Pr15.vcxproj", "{A3152AFD-CD2D-4A17-A8CD-1935A7B84F3C}"
EndProject
Project("{8BC9CEB8-8B4A-11D0-8D11-00A0C91BC942}") = "Pointers_Pr16", "Pointers_Pr16\Pointers_Pr16.vcxproj", "{C3EB3B82-599B-4E33-8EB1-8830590A8879}"
EndProject
Project("{8BC9CEB8-8B4A-11D0-8D11-00A0C91BC942}") = "Pointers_Pr17", "Pointers_Pr17\Pointers_Pr17.vcxproj", "{57D9480A-8090-4137-98BF-4C770829E183}"
EndProject
Project("{8BC9CEB8-8B4A-11D0-8D11-00A0C91BC942}") = "Pointers_Pr18", "Pointers_Pr18\Pointers_Pr18.vcxproj", "{319B19E8-9868-4FCD-BB07-EC60165965C8}"
EndProject
Project("{8BC9CEB8-8B4A-11D0-8D11-00A0C91BC942}") = "Pointers_Pr19", "Pointers_Pr19\Pointers_Pr19.vcxproj", "{44737AD1-DD31-4DB3-80F2-F68FE0B26317}"
EndProject
Project("{8BC9CEB8-8B4A-11D0-8D11-00A0C91BC942}") = "Pointers_Pr20", "Pointers_Pr20\Pointers_Pr20.vcxproj", "{EC2986CD-A006-4447-A8DE-B65FB63C5B44}"
EndProject
Project("{8BC9CEB8-8B4A-11D0-8D11-00A0C91BC942}") = "Pointers_Pr21", "Pointers_Pr21\Pointers_Pr21.vcxproj", "{FC88CC38-4903-487B-83DD-A7F4DF400F36}"
EndProject
Project("{8BC9CEB8-8B4A-11D0-8D11-00A0C91BC942}") = "Pointers_Arithm", "Pointers_Arithm\Pointers_Arithm.vcxproj", "{944920D9-0AE6-4F67-B7AE-D958FE44713F}"
EndProject
Global
	GlobalSection(SolutionConfigurationPlatforms) = preSolution
		Debug|x64 = Debug|x64
		Debug|x86 = Debug|x86
		Release|x64 = Release|x64
		Release|x86 = Release|x86
	EndGlobalSection
	GlobalSection(ProjectConfigurationPlatforms) = postSolution
		{57CF0407-1F30-4557-BEC0-8E37096E9768}.Debug|x64.ActiveCfg = Debug|x64
		{57CF0407-1F30-4557-BEC0-8E37096E9768}.Debug|x64.Build.0 = Debug|x64
		{57CF0407-1F30-4557-BEC0-8E37096E9768}.Debug|x86.ActiveCfg = Debug|Win32
		{57CF0407-1F30-4557-BEC0-8E37096E9768}.Debug|x86.Build.0 = Debug|Win32
		{57CF0407-1F30-4557-BEC0-8E37096E9768}.Release|x64.ActiveCfg = Release|x64
		{57CF0407-1F30-4557-BEC0-8E37096E9768}.Release|x64.Build.0 = Release|x64
		{57CF0407-1F30-4557-BEC0-8E37096E9768}.Release|x86.ActiveCfg = Release|Win32
		{57CF0407-1F30-4557-BEC0-8E37096E9768}.Release|x86.Build.0 = Release|Win32
		{DE72B91C-6804-4B44-A217-AA13318421F5}.Debug|x64.ActiveCfg = Debug|x64
		{DE72B91C-6804-4B44-A217-AA13318421F5}.Debug|x64.Build.0 = Debug|x64
		{DE72B91C-6804-4B44-A217-AA13318421F5}.Debug|x86.ActiveCfg = Debug|Win32
		{DE72B91C-6804-4B44-A217-AA13318421F5}.Debug|x86.Build.0 = Debug|Win32
		{DE72B91C-6804-4B44-A217-AA13318421F5}.Release|x64.ActiveCfg = Release|x64
		{DE72B91C-6804-4B44-A217-AA13318421F5}.Release|x64.Build.0 = Release|x64
		{DE72B91C-6804-4B44-A217-AA13318421F5}.Release|x86.ActiveCfg = Release|Win32
		{DE72B91C-6804-4B44-A217-AA13318421F5}.Release|x86.Build.0 = Release|Win32
		{7A2C82C3-ACBB-4677-A2C4-23D383AA9666}.Debug|x64.ActiveCfg = Debug|x64
		{7A2C82C3-ACBB-4677-A2C4-23D383AA9666}.Debug|x64.Build.0 = Debug|x64
		{7A2C82C3-ACBB-4677-A2C4-23D383AA9666}.Debug|x86.ActiveCfg = Debug|Win32
		{7A2C82C3-ACBB-4677-A2C4-23D383AA9666}.Debug|x86.Build.0 = Debug|Win32
		{7A2C82C3-ACBB-4677-A2C4-23D383AA9666}.Release|x64.ActiveCfg = Release|x64
		{7A2C82C3-ACBB-4677-A2C4-23D383AA9666}.Release|x64.Build.0 = Release|x64
		{7A2C82C3-ACBB-4677-A2C4-23D383AA9666}.Release|x86.ActiveCfg = Release|Win32
		{7A2C82C3-ACBB-4677-A2C4-23D383AA9666}.Release|x86.Build.0 = Release|Win32
		{AA726252-CB8B-4216-A4DF-44D79EE40B58}.Debug|x64.ActiveCfg = Debug|x64
		{AA726252-CB8B-4216-A4DF-44D79EE40B58}.Debug|x64.Build.0 = Debug|x64
		{AA726252-CB8B-4216-A4DF-44D79EE40B58}.Debug|x86.ActiveCfg = Debug|Win32
		{AA726252-CB8B-4216-A4DF-44D79EE40B58}.Debug|x86.Build.0 = Debug|Win32
		{AA726252-CB8B-4216-A4DF-44D79EE40B58}.Release|x64.ActiveCfg = Release|x64
		{AA726252-CB8B-4216-A4DF-44D79EE40B58}.Release|x64.Build.0 = Release|x64
		{AA726252-CB8B-4216-A4DF-44D79EE40B58}.Release|x86.ActiveCfg = Release|Win32
		{AA726252-CB8B-4216-A4DF-44D79EE40B58}.Release|x86.Build.0 = Release|Win32
		{B86789C4-1EEB-4B99-9B40-1F08E3442287}.Debug|x64.ActiveCfg = Debug|x64
		{B86789C4-1EEB-4B99-9B40-1F08E3442287}.Debug|x64.Build.0 = Debug|x64
		{B86789C4-1EEB-4B99-9B40-1F08E3442287}.Debug|x86.ActiveCfg = Debug|Win32
		{B86789C4-1EEB-4B99-9B40-1F08E3442287}.Debug|x86.Build.0 = Debug|Win32
		{B86789C4-1EEB-4B99-9B40-1F08E3442287}.Release|x64.ActiveCfg = Release|x64
		{B86789C4-1EEB-4B99-9B40-1F08E3442287}.Release|x64.Build.0 = Release|x64
		{B86789C4-1EEB-4B99-9B40-1F08E3442287}.Release|x86.ActiveCfg = Release|Win32
		{B86789C4-1EEB-4B99-9B40-1F08E3442287}.Release|x86.Build.0 = Release|Win32
		{F7B30A5D-B4C6-45C5-8A2C-F1123C2F61C6}.Debug|x64.ActiveCfg = Debug|x64
		{F7B30A5D-B4C6-45C5-8A2C-F1123C2F61C6}.Debug|x64.Build.0 = Debug|x64
		{F7B30A5D-B4C6-45C5-8A2C-F1123C2F61C6}.Debug|x86.ActiveCfg = Debug|Win32
		{F7B30A5D-B4C6-45C5-8A2C-F1123C2F61C6}.Debug|x86.Build.0 = Debug|Win32
		{F7B30A5D-B4C6-45C5-8A2C-F1123C2F61C6}.Release|x64.ActiveCfg = Release|x64
		{F7B30A5D-B4C6-45C5-8A2C-F1123C2F61C6}.Release|x64.Build.0 = Release|x64
		{F7B30A5D-B4C6-45C5-8A2C-F1123C2F61C6}.Release|x86.ActiveCfg = Release|Win32
		{F7B30A5D-B4C6-45C5-8A2C-F1123C2F61C6}.Release|x86.Build.0 = Release|Win32
		{07D492C6-4774-4453-A9A4-EFCBEEF3213A}.Debug|x64.ActiveCfg = Debug|x64
		{07D492C6-4774-4453-A9A4-EFCBEEF3213A}.Debug|x64.Build.0 = Debug|x64
		{07D492C6-4774-4453-A9A4-EFCBEEF3213A}.Debug|x86.ActiveCfg = Debug|Win32
		{07D492C6-4774-4453-A9A4-EFCBEEF3213A}.Debug|x86.Build.0 = Debug|Win32
		{07D492C6-4774-4453-A9A4-EFCBEEF3213A}.Release|x64.ActiveCfg = Release|x64
		{07D492C6-4774-4453-A9A4-EFCBEEF3213A}.Release|x64.Build.0 = Release|x64
		{07D492C6-4774-4453-A9A4-EFCBEEF3213A}.Release|x86.ActiveCfg = Release|Win32
		{07D492C6-4774-4453-A9A4-EFCBEEF3213A}.Release|x86.Build.0 = Release|Win32
		{6207FF85-78A4-4F75-B6BB-74EEEC1522F8}.Debug|x64.ActiveCfg = Debug|x64
		{6207FF85-78A4-4F75-B6BB-74EEEC1522F8}.Debug|x64.Build.0 = Debug|x64
		{6207FF85-78A4-4F75-B6BB-74EEEC1522F8}.Debug|x86.ActiveCfg = Debug|Win32
		{6207FF85-78A4-4F75-B6BB-74EEEC1522F8}.Debug|x86.Build.0 = Debug|Win32
		{6207FF85-78A4-4F75-B6BB-74EEEC1522F8}.Release|x64.ActiveCfg = Release|x64
		{6207FF85-78A4-4F75-B6BB-74EEEC1522F8}.Release|x64.Build.0 = Release|x64
		{6207FF85-78A4-4F75-B6BB-74EEEC1522F8}.Release|x86.ActiveCfg = Release|Win32
		{6207FF85-78A4-4F75-B6BB-74EEEC1522F8}.Release|x86.Build.0 = Release|Win32
		{603420F7-788E-404D-B677-D3DE3E3DD0D3}.Debug|x64.ActiveCfg = Debug|x64
		{603420F7-788E-404D-B677-D3DE3E3DD0D3}.Debug|x64.Build.0 = Debug|x64
		{603420F7-788E-404D-B677-D3DE3E3DD0D3}.Debug|x86.ActiveCfg = Debug|Win32
		{603420F7-788E-404D-B677-D3DE3E3DD0D3}.Debug|x86.Build.0 = Debug|Win32
		{603420F7-788E-404D-B677-D3DE3E3DD0D3}.Release|x64.ActiveCfg = Release|x64
		{603420F7-788E-404D-B677-D3DE3E3DD0D3}.Release|x64.Build.0 = Release|x64
		{603420F7-788E-404D-B677-D3DE3E3DD0D3}.Release|x86.ActiveCfg = Release|Win32
		{603420F7-788E-404D-B677-D3DE3E3DD0D3}.Release|x86.Build.0 = Release|Win32
		{9C7CC367-4380-4C6E-8D92-DC64C97DBF56}.Debug|x64.ActiveCfg = Debug|x64
		{9C7CC367-4380-4C6E-8D92-DC64C97DBF56}.Debug|x64.Build.0 = Debug|x64
		{9C7CC367-4380-4C6E-8D92-DC64C97DBF56}.Debug|x86.ActiveCfg = Debug|Win32
		{9C7CC367-4380-4C6E-8D92-DC64C97DBF56}.Debug|x86.Build.0 = Debug|Win32
		{9C7CC367-4380-4C6E-8D92-DC64C97DBF56}.Release|x64.ActiveCfg = Release|x64
		{9C7CC367-4380-4C6E-8D92-DC64C97DBF56}.Release|x64.Build.0 = Release|x64
		{9C7CC367-4380-4C6E-8D92-DC64C97DBF56}.Release|x86.ActiveCfg = Release|Win32
		{9C7CC367-4380-4C6E-8D92-DC64C97DBF56}.Release|x86.Build.0 = Release|Win32
		{BA2CFED4-5E49-4FCB-93D8-A174CB1324E7}.Debug|x64.ActiveCfg = Debug|x64
		{BA2CFED4-5E49-4FCB-93D8-A174CB1324E7}.Debug|x64.Build.0 = Debug|x64
		{BA2CFED4-5E49-4FCB-93D8-A174CB1324E7}.Debug|x86.ActiveCfg = Debug|Win32
		{BA2CFED4-5E49-4FCB-93D8-A174CB1324E7}.Debug|x86.Build.0 = Debug|Win32
		{BA2CFED4-5E49-4FCB-93D8-A174CB1324E7}.Release|x64.ActiveCfg = Release|x64
		{BA2CFED4-5E49-4FCB-93D8-A174CB1324E7}.Release|x64.Build.0 = Release|x64
		{BA2CFED4-5E49-4FCB-93D8-A174CB1324E7}.Release|x86.ActiveCfg = Release|Win32
		{BA2CFED4-5E49-4FCB-93D8-A174CB1324E7}.Release|x86.Build.0 = Release|Win32
		{ED3E178B-5D0F-4162-9364-89068F8789EC}.Debug|x64.ActiveCfg = Debug|x64
		{ED3E178B-5D0F-4162-9364-89068F8789EC}.Debug|x64.Build.0 = Debug|x64
		{ED3E178B-5D0F-4162-9364-89068F8789EC}.Debug|x86.ActiveCfg = Debug|Win32
		{ED3E178B-5D0F-4162-9364-89068F8789EC}.Debug|x86.Build.0 = Debug|Win32
		{ED3E178B-5D0F-4162-9364-89068F8789EC}.Release|x64.ActiveCfg = Release|x64
		{ED3E178B-5D0F-4162-9364-89068F8789EC}.Release|x64.Build.0 = Release|x64
		{ED3E178B-5D0F-4162-9364-89068F8789EC}.Release|x86.ActiveCfg = Release|Win32
		{ED3E178B-5D0F-4162-9364-89068F8789EC}.Release|x86.Build.0 = Release|Win32
		{E0C09B7D-76E1-4E6D-AC65-EC1B84544398}.Debug|x64.ActiveCfg = Debug|x64
		{E0C09B7D-76E1-4E6D-AC65-EC1B84544398}.Debug|x64.Build.0 = Debug|x64
		{E0C09B7D-76E1-4E6D-AC65-EC1B84544398}.Debug|x86.ActiveCfg = Debug|Win32
		{E0C09B7D-76E1-4E6D-AC65-EC1B84544398}.Debug|x86.Build.0 = Debug|Win32
		{E0C09B7D-76E1-4E6D-AC65-EC1B84544398}.Release|x64.ActiveCfg = Release|x64
		{E0C09B7D-76E1-4E6D-AC65-EC1B84544398}.Release|x64.Build.0 = Release|x64
		{E0C09B7D-76E1-4E6D-AC65-EC1B84544398}.Release|x86.ActiveCfg = Release|Win32
		{E0C09B7D-76E1-4E6D-AC65-EC1B84544398}.Release|x86.Build.0 = Release|Win32
		{F97AAFAB-6869-44DE-A0F3-1D38E68C6B38}.Debug|x64.ActiveCfg = Debug|x64
		{F97AAFAB-6869-44DE-A0F3-1D38E68C6B38}.Debug|x64.Build.0 = Debug|x64
		{F97AAFAB-6869-44DE-A0F3-1D38E68C6B38}.Debug|x86.ActiveCfg = Debug|Win32
		{F97AAFAB-6869-44DE-A0F3-1D38E68C6B38}.Debug|x86.Build.0 = Debug|Win32
		{F97AAFAB-6869-44DE-A0F3-1D38E68C6B38}.Release|x64.ActiveCfg = Release|x64
		{F97AAFAB-6869-44DE-A0F3-1D38E68C6B38}.Release|x64.Build.0 = Release|x64
		{F97AAFAB-6869-44DE-A0F3-1D38E68C6B38}.Release|x86.ActiveCfg = Release|Win32
		{F97AAFAB-6869-44DE-A0F3-1D38E68C6B38}.Release|x86.Build.0 = Release|Win32
		{A36E00AF-D689-423B-BD70-A90E90138AF5}.Debug|x64.ActiveCfg = Debug|x64
		{A36E00AF-D689-423B-BD70-A90E90138AF5}.Debug|x64.Build.0 = Debug|x64
		{A36E00AF-D689-423B-BD70-A90E90138AF5}.Debug|x86.ActiveCfg = Debug|Win32
		{A36E00AF-D689-423B-BD70-A90E90138AF5}.Debug|x86.Build.0 = Debug|Win32
		{A36E00AF-D689-423B-BD70-A90E90138AF5}.Release|x64.ActiveCfg = Release|x64
		{A36E00AF-D689-423B-BD70-A90E90138AF5}.Release|x64.Build.0 = Release|x64
		{A36E00AF-D689-423B-BD70-A90E90138AF5}.Release|x86.ActiveCfg = Release|Win32
		{A36E00AF-D689-423B-BD70-A90E90138AF5}.Release|x86.Build.0 = Release|Win32
		{A3152AFD-CD2D-4A17-A8CD-1935A7B84F3C}.Debug|x64.ActiveCfg = Debug|x64
		{A3152AFD-CD2D-4A17-A8CD-1935A7B84F3C}.Debug|x64.Build.0 = Debug|x64
		{A3152AFD-CD2D-4A17-A8CD-1935A7B84F3C}.Debug|x86.ActiveCfg = Debug|Win32
		{A3152AFD-CD2D-4A17-A8CD-1935A7B84F3C}.Debug|x86.Build.0 = Debug|Win32
		{A3152AFD-CD2D-4A17-A8CD-1935A7B84F3C}.Release|x64.ActiveCfg = Release|x64
		{A3152AFD-CD2D-4A17-A8CD-1935A7B84F3C}.Release|x64.Build.0 = Release|x64
		{A3152AFD-CD2D-4A17-A8CD-1935A7B84F3C}.Release|x86.ActiveCfg = Release|Win32
		{A3152AFD-CD2D-4A17-A8CD-1935A7B84F3C}.Release|x86.Build.0 = Release|Win32
		{C3EB3B82-599B-4E33-8EB1-8830590A8879}.Debug|x64.ActiveCfg = Debug|x64
		{C3EB3B82-599B-4E33-8EB1-8830590A8879}.Debug|x64.Build.0 = Debug|x64
		{C3EB3B82-599B-4E33-8EB1-8830590A8879}.Debug|x86.ActiveCfg = Debug|Win32
		{C3EB3B82-599B-4E33-8EB1-8830590A8879}.Debug|x86.Build.0 = Debug|Win32
		{C3EB3B82-599B-4E33-8EB1-8830590A8879}.Release|x64.ActiveCfg = Release|x64
		{C3EB3B82-599B-4E33-8EB1-8830590A8879}.Release|x64.Build.0 = Release|x64
		{C3EB3B82-599B-4E33-8EB1-8830590A8879}.Release|x86.ActiveCfg = Release|Win32
		{C3EB3B82-599B-4E33-8EB1-8830590A8879}.Release|x86.Build.0 = Release|Win32
		{57D9480A-8090-4137-98BF-4C770829E183}.Debug|x64.ActiveCfg = Debug|x64
		{57D9480A-8090-4137-98BF-4C770829E183}.Debug|x64.Build.0 = Debug|x64
		{57D9480A-8090-4137-98BF-4C770829E183}.Debug|x86.ActiveCfg = Debug|Win32
		{57D9480A-8090-4137-98BF-4C770829E183}.Debug|x86.Build.0 = Debug|Win32
		{57D9480A-8090-4137-98BF-4C770829E183}.Release|x64.ActiveCfg = Release|x64
		{57D9480A-8090-4137-98BF-4C770829E183}.Release|x64.Build.0 = Release|x64
		{57D9480A-8090-4137-98BF-4C770829E183}.Release|x86.ActiveCfg = Release|Win32
		{57D9480A-8090-4137-98BF-4C770829E183}.Release|x86.Build.0 = Release|Win32
		{319B19E8-9868-4FCD-BB07-EC60165965C8}.Debug|x64.ActiveCfg = Debug|x64
		{319B19E8-9868-4FCD-BB07-EC60165965C8}.Debug|x64.Build.0 = Debug|x64
		{319B19E8-9868-4FCD-BB07-EC60165965C8}.Debug|x86.ActiveCfg = Debug|Win32
		{319B19E8-9868-4FCD-BB07-EC60165965C8}.Debug|x86.Build.0 = Debug|Win32
		{319B19E8-9868-4FCD-BB07-EC60165965C8}.Release|x64.ActiveCfg = Release|x64
		{319B19E8-9868-4FCD-BB07-EC60165965C8}.Release|x64.Build.0 = Release|x64
		{319B19E8-9868-4FCD-BB07-EC60165965C8}.Release|x86.ActiveCfg = Release|Win32
		{319B19E8-9868-4FCD-BB07-EC60165965C8}.Release|x86.Build.0 = Release|Win32
		{44737AD1-DD31-4DB3-80F2-F68FE0B26317}.Debug|x64.ActiveCfg = Debug|x64
		{44737AD1-DD31-4DB3-80F2-F68FE0B26317}.Debug|x64.Build.0 = Debug|x64
		{44737AD1-DD31-4DB3-80F2-F68FE0B26317}.Debug|x86.ActiveCfg = Debug|Win32
		{44737AD1-DD31-4DB3-80F2-F68FE0B26317}.Debug|x86.Build.0 = Debug|Win32
		{44737AD1-DD31-4DB3-80F2-F68FE0B26317}.Release|x64.ActiveCfg = Release|x64
		{44737AD1-DD31-4DB3-80F2-F68FE0B26317}.Release|x64.Build.0 = Release|x64
		{44737AD1-DD31-4DB3-80F2-F68FE0B26317}.Release|x86.ActiveCfg = Release|Win32
		{44737AD1-DD31-4DB3-80F2-F68FE0B26317}.Release|x86.Build.0 = Release|Win32
		{EC2986CD-A006-4447-A8DE-B65FB63C5B44}.Debug|x64.ActiveCfg = Debug|x64
		{EC2986CD-A006-4447-A8DE-B65FB63C5B44}.Debug|x64.Build.0 = Debug|x64
		{EC2986CD-A006-4447-A8DE-B65FB63C5B44}.Debug|x86.ActiveCfg = Debug|Win32
		{EC2986CD-A006-4447-A8DE-B65FB63C5B44}.Debug|x86.Build.0 = Debug|Win32
		{EC2986CD-A006-4447-A8DE-B65FB63C5B44}.Release|x64.ActiveCfg = Release|x64
		{EC2986CD-A006-4447-A8DE-B65FB63C5B44}.Release|x64.Build.0 = Release|x64
		{EC2986CD-A006-4447-A8DE-B65FB63C5B44}.Release|x86.ActiveCfg = Release|Win32
		{EC2986CD-A006-4447-A8DE-B65FB63C5B44}.Release|x86.Build.0 = Release|Win32
		{FC88CC38-4903-487B-83DD-A7F4DF400F36}.Debug|x64.ActiveCfg = Debug|x64
		{FC88CC38-4903-487B-83DD-A7F4DF400F36}.Debug|x64.Build.0 = Debug|x64
		{FC88CC38-4903-487B-83DD-A7F4DF400F36}.Debug|x86.ActiveCfg = Debug|Win32
		{FC88CC38-4903-487B-83DD-A7F4DF400F36}.Debug|x86.Build.0 = Debug|Win32
		{FC88CC38-4903-487B-83DD-A7F4DF400F36}.Release|x64.ActiveCfg = Release|x64
		{FC88CC38-4903-487B-83DD-A7F4DF400F36}.Release|x64.Build.0 = Release|x64
		{FC88CC38-4903-487B-83DD-A7F4DF400F36}.Release|x86.ActiveCfg = Release|Win32
		{FC88CC38-4903-487B-83DD-A7F4DF400F36}.Release|x86.Build.0 = Release|Win32
		{944920D9-0AE6-4F67-B7AE-D958FE44713F}.Debug|x64.ActiveCfg = Debug|x64
		{944920D9-0AE6-4F67-B7AE-D958FE44713F}.Debug|x64.Build.0 = Debug|x64
		{944920D9-0AE6-4F67-B7AE-D958FE44713F}.Debug|x86.ActiveCfg = Debug|Win32
		{944920D9-0AE6-4F67-B7AE-D958FE44713F}.Debug|x86.Build.0 = Debug|Win32
		{944920D9-0AE6-4F67-B7AE-D958FE44713F}.Release|x64.ActiveCfg = Release|x64
		{944920D9-0AE6-4F67-B7AE-D958FE44713F}.Release|x64.Build.0 = Release|x64
		{944920D9-0AE6-4F67-B7AE-D958FE44713F}.Release|x86.ActiveCfg = Release|Win32
		{944920D9-0AE6-4F67-B7AE-D958FE44713F}.Release|x86.Build.0 = Release|Win32
	EndGlobalSection
	GlobalSection(SolutionProperties) = preSolution
		HideSolutionNode = FALSE
	EndGlobalSection
	GlobalSection(ExtensibilityGlobals) = postSolution
		SolutionGuid = {F7346F90-DE2A-49EF-B896-AD2F84D06DC6}
	EndGlobalSection
EndGlobal
